
Microsoft Visual Studio Solution File, Format Version 12.00
# Visual Studio Version 17
VisualStudioVersion = 17.2.32516.85
MinimumVisualStudioVersion = 10.0.40219.1
Project("{FAE04EC0-301F-11D3-BF4B-00C04F79EFBC}") = "Console=", "Console=\Console=.csproj", "{A597AE64-7344-4175-BBA3-422D034F1A1C}"
EndProject
Global
	GlobalSection(SolutionConfigurationPlatforms) = preSolution
		Debug|Any CPU = Debug|Any CPU
		Release|Any CPU = Release|Any CPU
	EndGlobalSection
	GlobalSection(ProjectConfigurationPlatforms) = postSolution
		{A597AE64-7344-4175-BBA3-422D034F1A1C}.Debug|Any CPU.ActiveCfg = Debug|Any CPU
		{A597AE64-7344-4175-BBA3-422D034F1A1C}.Debug|Any CPU.Build.0 = Debug|Any CPU
		{A597AE64-7344-4175-BBA3-422D034F1A1C}.Release|Any CPU.ActiveCfg = Release|Any CPU
		{A597AE64-7344-4175-BBA3-422D034F1A1C}.Release|Any CPU.Build.0 = Release|Any CPU
	EndGlobalSection
	GlobalSection(SolutionProperties) = preSolution
		HideSolutionNode = FALSE
	EndGlobalSection
	GlobalSection(ExtensibilityGlobals) = postSolution
		SolutionGuid = {C2A78F08-9C25-4C88-8BEC-34B92F5D4B70}
	EndGlobalSection
EndGlobal
